
Microsoft Visual Studio Solution File, Format Version 12.00
# Visual Studio Version 16
VisualStudioVersion = 16.0.31702.278
MinimumVisualStudioVersion = 10.0.40219.1
Project("{FAE04EC0-301F-11D3-BF4B-00C04F79EFBC}") = "HopWebApp", "HopWebApp.csproj", "{1E3315D3-CFB3-4F03-9D95-EF0BD312733B}"
EndProject
Global
	GlobalSection(SolutionConfigurationPlatforms) = preSolution
		Debug|Any CPU = Debug|Any CPU
		Release|Any CPU = Release|Any CPU
	EndGlobalSection
	GlobalSection(ProjectConfigurationPlatforms) = postSolution
		{1E3315D3-CFB3-4F03-9D95-EF0BD312733B}.Debug|Any CPU.ActiveCfg = Debug|Any CPU
		{1E3315D3-CFB3-4F03-9D95-EF0BD312733B}.Debug|Any CPU.Build.0 = Debug|Any CPU
		{1E3315D3-CFB3-4F03-9D95-EF0BD312733B}.Release|Any CPU.ActiveCfg = Release|Any CPU
		{1E3315D3-CFB3-4F03-9D95-EF0BD312733B}.Release|Any CPU.Build.0 = Release|Any CPU
	EndGlobalSection
	GlobalSection(SolutionProperties) = preSolution
		HideSolutionNode = FALSE
	EndGlobalSection
	GlobalSection(ExtensibilityGlobals) = postSolution
		SolutionGuid = {45961EC4-6A85-461C-A0E4-1B5350E72199}
	EndGlobalSection
EndGlobal
